
Microsoft Visual Studio Solution File, Format Version 12.00
# Visual Studio Version 17
VisualStudioVersion = 17.13.35828.75 d17.13
MinimumVisualStudioVersion = 10.0.40219.1
Project("{FAE04EC0-301F-11D3-BF4B-00C04F79EFBC}") = "BinarySearch", "BinarySearch\BinarySearch.csproj", "{D99FD998-660B-4F8F-9A34-91A6953507AF}"
EndProject
Global
	GlobalSection(SolutionConfigurationPlatforms) = preSolution
		Debug|Any CPU = Debug|Any CPU
		Release|Any CPU = Release|Any CPU
	EndGlobalSection
	GlobalSection(ProjectConfigurationPlatforms) = postSolution
		{D99FD998-660B-4F8F-9A34-91A6953507AF}.Debug|Any CPU.ActiveCfg = Debug|Any CPU
		{D99FD998-660B-4F8F-9A34-91A6953507AF}.Debug|Any CPU.Build.0 = Debug|Any CPU
		{D99FD998-660B-4F8F-9A34-91A6953507AF}.Release|Any CPU.ActiveCfg = Release|Any CPU
		{D99FD998-660B-4F8F-9A34-91A6953507AF}.Release|Any CPU.Build.0 = Release|Any CPU
	EndGlobalSection
	GlobalSection(SolutionProperties) = preSolution
		HideSolutionNode = FALSE
	EndGlobalSection
	GlobalSection(ExtensibilityGlobals) = postSolution
		SolutionGuid = {B39BC00A-6552-4CDC-A082-04B6DCE60828}
	EndGlobalSection
EndGlobal
